
Microsoft Visual Studio Solution File, Format Version 12.00
# Visual Studio Version 17
VisualStudioVersion = 17.2.32505.173
MinimumVisualStudioVersion = 10.0.40219.1
Project("{FAE04EC0-301F-11D3-BF4B-00C04F79EFBC}") = "POC.WebAPI", "..\POC.WebAPI\POC.WebAPI.csproj", "{0DFD513C-81DD-40EA-A67A-4B31409E023A}"
EndProject
Global
	GlobalSection(SolutionConfigurationPlatforms) = preSolution
		Debug|Any CPU = Debug|Any CPU
		Release|Any CPU = Release|Any CPU
	EndGlobalSection
	GlobalSection(ProjectConfigurationPlatforms) = postSolution
		{0DFD513C-81DD-40EA-A67A-4B31409E023A}.Debug|Any CPU.ActiveCfg = Debug|Any CPU
		{0DFD513C-81DD-40EA-A67A-4B31409E023A}.Debug|Any CPU.Build.0 = Debug|Any CPU
		{0DFD513C-81DD-40EA-A67A-4B31409E023A}.Release|Any CPU.ActiveCfg = Release|Any CPU
		{0DFD513C-81DD-40EA-A67A-4B31409E023A}.Release|Any CPU.Build.0 = Release|Any CPU
	EndGlobalSection
	GlobalSection(SolutionProperties) = preSolution
		HideSolutionNode = FALSE
	EndGlobalSection
	GlobalSection(ExtensibilityGlobals) = postSolution
		SolutionGuid = {8170A808-9460-4A7D-92BA-56B818FE1E73}
	EndGlobalSection
EndGlobal
